
Microsoft Visual Studio Solution File, Format Version 12.00
# Visual Studio Version 16
VisualStudioVersion = 16.0.31205.134
MinimumVisualStudioVersion = 10.0.40219.1
Project("{FAE04EC0-301F-11D3-BF4B-00C04F79EFBC}") = "VehicleFinder", "VehicleFinder\VehicleFinder.csproj", "{159A485E-F82F-47D5-BD77-3C3C82D8435A}"
EndProject
Global
	GlobalSection(SolutionConfigurationPlatforms) = preSolution
		Debug|Any CPU = Debug|Any CPU
		Release|Any CPU = Release|Any CPU
	EndGlobalSection
	GlobalSection(ProjectConfigurationPlatforms) = postSolution
		{159A485E-F82F-47D5-BD77-3C3C82D8435A}.Debug|Any CPU.ActiveCfg = Debug|Any CPU
		{159A485E-F82F-47D5-BD77-3C3C82D8435A}.Debug|Any CPU.Build.0 = Debug|Any CPU
		{159A485E-F82F-47D5-BD77-3C3C82D8435A}.Release|Any CPU.ActiveCfg = Release|Any CPU
		{159A485E-F82F-47D5-BD77-3C3C82D8435A}.Release|Any CPU.Build.0 = Release|Any CPU
	EndGlobalSection
	GlobalSection(SolutionProperties) = preSolution
		HideSolutionNode = FALSE
	EndGlobalSection
	GlobalSection(ExtensibilityGlobals) = postSolution
		SolutionGuid = {C4603FD2-1AA8-4A67-A2AB-697485936BDF}
	EndGlobalSection
EndGlobal
