
Microsoft Visual Studio Solution File, Format Version 12.00
# Visual Studio Version 16
VisualStudioVersion = 16.0.31321.278
MinimumVisualStudioVersion = 10.0.40219.1
Project("{9A19103F-16F7-4668-BE54-9A1E7A4F7556}") = "TaskDatabaseIntegration", "TaskDatabaseIntegration\TaskDatabaseIntegration.csproj", "{785E8425-1603-4CD6-8DEF-2A036A0909FD}"
EndProject
Project("{FAE04EC0-301F-11D3-BF4B-00C04F79EFBC}") = "TaskSession", "TaskSession\TaskSession.csproj", "{FE5DB336-97D7-4A31-A2CA-F1D0953A4C78}"
EndProject
Global
	GlobalSection(SolutionConfigurationPlatforms) = preSolution
		Debug|Any CPU = Debug|Any CPU
		Release|Any CPU = Release|Any CPU
	EndGlobalSection
	GlobalSection(ProjectConfigurationPlatforms) = postSolution
		{785E8425-1603-4CD6-8DEF-2A036A0909FD}.Debug|Any CPU.ActiveCfg = Debug|Any CPU
		{785E8425-1603-4CD6-8DEF-2A036A0909FD}.Debug|Any CPU.Build.0 = Debug|Any CPU
		{785E8425-1603-4CD6-8DEF-2A036A0909FD}.Release|Any CPU.ActiveCfg = Release|Any CPU
		{785E8425-1603-4CD6-8DEF-2A036A0909FD}.Release|Any CPU.Build.0 = Release|Any CPU
		{FE5DB336-97D7-4A31-A2CA-F1D0953A4C78}.Debug|Any CPU.ActiveCfg = Debug|Any CPU
		{FE5DB336-97D7-4A31-A2CA-F1D0953A4C78}.Debug|Any CPU.Build.0 = Debug|Any CPU
		{FE5DB336-97D7-4A31-A2CA-F1D0953A4C78}.Release|Any CPU.ActiveCfg = Release|Any CPU
		{FE5DB336-97D7-4A31-A2CA-F1D0953A4C78}.Release|Any CPU.Build.0 = Release|Any CPU
	EndGlobalSection
	GlobalSection(SolutionProperties) = preSolution
		HideSolutionNode = FALSE
	EndGlobalSection
	GlobalSection(ExtensibilityGlobals) = postSolution
		SolutionGuid = {47C42ED0-BA82-4510-B06A-C12C02301790}
	EndGlobalSection
EndGlobal
