
Microsoft Visual Studio Solution File, Format Version 12.00
# Visual Studio Version 16
VisualStudioVersion = 16.0.31321.278
MinimumVisualStudioVersion = 10.0.40219.1
Project("{FAE04EC0-301F-11D3-BF4B-00C04F79EFBC}") = "CustomClasses-1", "CustomClasses-1\CustomClasses-1.csproj", "{D2AE48D5-4890-497C-BBC2-62DFF6B29F66}"
EndProject
Global
	GlobalSection(SolutionConfigurationPlatforms) = preSolution
		Debug|Any CPU = Debug|Any CPU
		Release|Any CPU = Release|Any CPU
	EndGlobalSection
	GlobalSection(ProjectConfigurationPlatforms) = postSolution
		{D2AE48D5-4890-497C-BBC2-62DFF6B29F66}.Debug|Any CPU.ActiveCfg = Debug|Any CPU
		{D2AE48D5-4890-497C-BBC2-62DFF6B29F66}.Debug|Any CPU.Build.0 = Debug|Any CPU
		{D2AE48D5-4890-497C-BBC2-62DFF6B29F66}.Release|Any CPU.ActiveCfg = Release|Any CPU
		{D2AE48D5-4890-497C-BBC2-62DFF6B29F66}.Release|Any CPU.Build.0 = Release|Any CPU
	EndGlobalSection
	GlobalSection(SolutionProperties) = preSolution
		HideSolutionNode = FALSE
	EndGlobalSection
	GlobalSection(ExtensibilityGlobals) = postSolution
		SolutionGuid = {2F8492B4-CCBA-4EA8-944B-B95976985E06}
	EndGlobalSection
EndGlobal
